
Microsoft Visual Studio Solution File, Format Version 12.00
# Visual Studio Version 16
VisualStudioVersion = 16.0.30907.101
MinimumVisualStudioVersion = 10.0.40219.1
Project("{FAE04EC0-301F-11D3-BF4B-00C04F79EFBC}") = "Hastane_Proje", "Hastane_Proje\Hastane_Proje.csproj", "{C3F0D286-F147-4F14-9F55-E5C831BBC12C}"
EndProject
Global
	GlobalSection(SolutionConfigurationPlatforms) = preSolution
		Debug|Any CPU = Debug|Any CPU
		Release|Any CPU = Release|Any CPU
	EndGlobalSection
	GlobalSection(ProjectConfigurationPlatforms) = postSolution
		{C3F0D286-F147-4F14-9F55-E5C831BBC12C}.Debug|Any CPU.ActiveCfg = Debug|Any CPU
		{C3F0D286-F147-4F14-9F55-E5C831BBC12C}.Debug|Any CPU.Build.0 = Debug|Any CPU
		{C3F0D286-F147-4F14-9F55-E5C831BBC12C}.Release|Any CPU.ActiveCfg = Release|Any CPU
		{C3F0D286-F147-4F14-9F55-E5C831BBC12C}.Release|Any CPU.Build.0 = Release|Any CPU
	EndGlobalSection
	GlobalSection(SolutionProperties) = preSolution
		HideSolutionNode = FALSE
	EndGlobalSection
	GlobalSection(ExtensibilityGlobals) = postSolution
		SolutionGuid = {6B3D474D-CF00-4428-8962-2AAD33AC0382}
	EndGlobalSection
EndGlobal
